
Microsoft Visual Studio Solution File, Format Version 12.00
# Visual Studio 14
VisualStudioVersion = 14.0.24720.0
MinimumVisualStudioVersion = 10.0.40219.1
Project("{FAE04EC0-301F-11D3-BF4B-00C04F79EFBC}") = "AsotListener.App", "AsotListener.App\AsotListener.App.csproj", "{13D1D33C-E4D0-4410-8391-8EADD28C38B6}"
EndProject
Project("{FAE04EC0-301F-11D3-BF4B-00C04F79EFBC}") = "AsotListener.Models", "AsotListener.Models\AsotListener.Models.csproj", "{DDFB9B19-6B9F-45DF-9F4C-9BE123DC96CF}"
EndProject
Project("{FAE04EC0-301F-11D3-BF4B-00C04F79EFBC}") = "AsotListener.AudioPlayer", "AsotListener.AudioPlayer\AsotListener.AudioPlayer.csproj", "{B2691F43-D755-48CC-84A1-D70C25291C1D}"
EndProject
Project("{FAE04EC0-301F-11D3-BF4B-00C04F79EFBC}") = "AsotListener.Services", "AsotListener.Services\AsotListener.Services.csproj", "{94C4EE75-6366-4E09-95F4-5C4414B09754}"
EndProject
Project("{FAE04EC0-301F-11D3-BF4B-00C04F79EFBC}") = "AsotListener.Ioc", "AsotListener.Ioc\AsotListener.Ioc.csproj", "{C11BEFE8-3FBA-43BD-B79E-ADB800FF835F}"
EndProject
Project("{FAE04EC0-301F-11D3-BF4B-00C04F79EFBC}") = "AsotListener.Common", "AsotListener.Common\AsotListener.Common.csproj", "{F953B426-5CDB-48B4-90BE-5BF34760447F}"
EndProject
Project("{FAE04EC0-301F-11D3-BF4B-00C04F79EFBC}") = "AsotListener.BackgroundUpdater", "AsotListener.BackgroundUpdater\AsotListener.BackgroundUpdater.csproj", "{20A5B758-CCA5-44DD-ABAE-A607D83FA75D}"
EndProject
Global
	GlobalSection(SolutionConfigurationPlatforms) = preSolution
		Debug|Any CPU = Debug|Any CPU
		Debug|ARM = Debug|ARM
		Debug|x64 = Debug|x64
		Debug|x86 = Debug|x86
		Release|Any CPU = Release|Any CPU
		Release|ARM = Release|ARM
		Release|x64 = Release|x64
		Release|x86 = Release|x86
	EndGlobalSection
	GlobalSection(ProjectConfigurationPlatforms) = postSolution
		{13D1D33C-E4D0-4410-8391-8EADD28C38B6}.Debug|Any CPU.ActiveCfg = Debug|Any CPU
		{13D1D33C-E4D0-4410-8391-8EADD28C38B6}.Debug|Any CPU.Build.0 = Debug|Any CPU
		{13D1D33C-E4D0-4410-8391-8EADD28C38B6}.Debug|Any CPU.Deploy.0 = Debug|Any CPU
		{13D1D33C-E4D0-4410-8391-8EADD28C38B6}.Debug|ARM.ActiveCfg = Debug|ARM
		{13D1D33C-E4D0-4410-8391-8EADD28C38B6}.Debug|ARM.Build.0 = Debug|ARM
		{13D1D33C-E4D0-4410-8391-8EADD28C38B6}.Debug|ARM.Deploy.0 = Debug|ARM
		{13D1D33C-E4D0-4410-8391-8EADD28C38B6}.Debug|x64.ActiveCfg = Debug|Any CPU
		{13D1D33C-E4D0-4410-8391-8EADD28C38B6}.Debug|x64.Build.0 = Debug|Any CPU
		{13D1D33C-E4D0-4410-8391-8EADD28C38B6}.Debug|x64.Deploy.0 = Debug|Any CPU
		{13D1D33C-E4D0-4410-8391-8EADD28C38B6}.Debug|x86.ActiveCfg = Debug|x86
		{13D1D33C-E4D0-4410-8391-8EADD28C38B6}.Debug|x86.Build.0 = Debug|x86
		{13D1D33C-E4D0-4410-8391-8EADD28C38B6}.Debug|x86.Deploy.0 = Debug|x86
		{13D1D33C-E4D0-4410-8391-8EADD28C38B6}.Release|Any CPU.ActiveCfg = Release|Any CPU
		{13D1D33C-E4D0-4410-8391-8EADD28C38B6}.Release|Any CPU.Build.0 = Release|Any CPU
		{13D1D33C-E4D0-4410-8391-8EADD28C38B6}.Release|Any CPU.Deploy.0 = Release|Any CPU
		{13D1D33C-E4D0-4410-8391-8EADD28C38B6}.Release|ARM.ActiveCfg = Release|ARM
		{13D1D33C-E4D0-4410-8391-8EADD28C38B6}.Release|ARM.Build.0 = Release|ARM
		{13D1D33C-E4D0-4410-8391-8EADD28C38B6}.Release|ARM.Deploy.0 = Release|ARM
		{13D1D33C-E4D0-4410-8391-8EADD28C38B6}.Release|x64.ActiveCfg = Release|Any CPU
		{13D1D33C-E4D0-4410-8391-8EADD28C38B6}.Release|x64.Build.0 = Release|Any CPU
		{13D1D33C-E4D0-4410-8391-8EADD28C38B6}.Release|x64.Deploy.0 = Release|Any CPU
		{13D1D33C-E4D0-4410-8391-8EADD28C38B6}.Release|x86.ActiveCfg = Release|x86
		{13D1D33C-E4D0-4410-8391-8EADD28C38B6}.Release|x86.Build.0 = Release|x86
		{13D1D33C-E4D0-4410-8391-8EADD28C38B6}.Release|x86.Deploy.0 = Release|x86
		{DDFB9B19-6B9F-45DF-9F4C-9BE123DC96CF}.Debug|Any CPU.ActiveCfg = Debug|Any CPU
		{DDFB9B19-6B9F-45DF-9F4C-9BE123DC96CF}.Debug|Any CPU.Build.0 = Debug|Any CPU
		{DDFB9B19-6B9F-45DF-9F4C-9BE123DC96CF}.Debug|ARM.ActiveCfg = Debug|ARM
		{DDFB9B19-6B9F-45DF-9F4C-9BE123DC96CF}.Debug|ARM.Build.0 = Debug|ARM
		{DDFB9B19-6B9F-45DF-9F4C-9BE123DC96CF}.Debug|x64.ActiveCfg = Debug|Any CPU
		{DDFB9B19-6B9F-45DF-9F4C-9BE123DC96CF}.Debug|x64.Build.0 = Debug|Any CPU
		{DDFB9B19-6B9F-45DF-9F4C-9BE123DC96CF}.Debug|x86.ActiveCfg = Debug|x86
		{DDFB9B19-6B9F-45DF-9F4C-9BE123DC96CF}.Debug|x86.Build.0 = Debug|x86
		{DDFB9B19-6B9F-45DF-9F4C-9BE123DC96CF}.Release|Any CPU.ActiveCfg = Release|Any CPU
		{DDFB9B19-6B9F-45DF-9F4C-9BE123DC96CF}.Release|Any CPU.Build.0 = Release|Any CPU
		{DDFB9B19-6B9F-45DF-9F4C-9BE123DC96CF}.Release|ARM.ActiveCfg = Release|ARM
		{DDFB9B19-6B9F-45DF-9F4C-9BE123DC96CF}.Release|ARM.Build.0 = Release|ARM
		{DDFB9B19-6B9F-45DF-9F4C-9BE123DC96CF}.Release|x64.ActiveCfg = Release|Any CPU
		{DDFB9B19-6B9F-45DF-9F4C-9BE123DC96CF}.Release|x64.Build.0 = Release|Any CPU
		{DDFB9B19-6B9F-45DF-9F4C-9BE123DC96CF}.Release|x86.ActiveCfg = Release|x86
		{DDFB9B19-6B9F-45DF-9F4C-9BE123DC96CF}.Release|x86.Build.0 = Release|x86
		{B2691F43-D755-48CC-84A1-D70C25291C1D}.Debug|Any CPU.ActiveCfg = Debug|Any CPU
		{B2691F43-D755-48CC-84A1-D70C25291C1D}.Debug|Any CPU.Build.0 = Debug|Any CPU
		{B2691F43-D755-48CC-84A1-D70C25291C1D}.Debug|ARM.ActiveCfg = Debug|ARM
		{B2691F43-D755-48CC-84A1-D70C25291C1D}.Debug|ARM.Build.0 = Debug|ARM
		{B2691F43-D755-48CC-84A1-D70C25291C1D}.Debug|x64.ActiveCfg = Debug|Any CPU
		{B2691F43-D755-48CC-84A1-D70C25291C1D}.Debug|x64.Build.0 = Debug|Any CPU
		{B2691F43-D755-48CC-84A1-D70C25291C1D}.Debug|x86.ActiveCfg = Debug|x86
		{B2691F43-D755-48CC-84A1-D70C25291C1D}.Debug|x86.Build.0 = Debug|x86
		{B2691F43-D755-48CC-84A1-D70C25291C1D}.Release|Any CPU.ActiveCfg = Release|Any CPU
		{B2691F43-D755-48CC-84A1-D70C25291C1D}.Release|Any CPU.Build.0 = Release|Any CPU
		{B2691F43-D755-48CC-84A1-D70C25291C1D}.Release|ARM.ActiveCfg = Release|ARM
		{B2691F43-D755-48CC-84A1-D70C25291C1D}.Release|ARM.Build.0 = Release|ARM
		{B2691F43-D755-48CC-84A1-D70C25291C1D}.Release|x64.ActiveCfg = Release|Any CPU
		{B2691F43-D755-48CC-84A1-D70C25291C1D}.Release|x64.Build.0 = Release|Any CPU
		{B2691F43-D755-48CC-84A1-D70C25291C1D}.Release|x86.ActiveCfg = Release|x86
		{B2691F43-D755-48CC-84A1-D70C25291C1D}.Release|x86.Build.0 = Release|x86
		{94C4EE75-6366-4E09-95F4-5C4414B09754}.Debug|Any CPU.ActiveCfg = Debug|Any CPU
		{94C4EE75-6366-4E09-95F4-5C4414B09754}.Debug|Any CPU.Build.0 = Debug|Any CPU
		{94C4EE75-6366-4E09-95F4-5C4414B09754}.Debug|ARM.ActiveCfg = Debug|ARM
		{94C4EE75-6366-4E09-95F4-5C4414B09754}.Debug|ARM.Build.0 = Debug|ARM
		{94C4EE75-6366-4E09-95F4-5C4414B09754}.Debug|x64.ActiveCfg = Debug|Any CPU
		{94C4EE75-6366-4E09-95F4-5C4414B09754}.Debug|x64.Build.0 = Debug|Any CPU
		{94C4EE75-6366-4E09-95F4-5C4414B09754}.Debug|x86.ActiveCfg = Debug|x86
		{94C4EE75-6366-4E09-95F4-5C4414B09754}.Debug|x86.Build.0 = Debug|x86
		{94C4EE75-6366-4E09-95F4-5C4414B09754}.Release|Any CPU.ActiveCfg = Release|Any CPU
		{94C4EE75-6366-4E09-95F4-5C4414B09754}.Release|Any CPU.Build.0 = Release|Any CPU
		{94C4EE75-6366-4E09-95F4-5C4414B09754}.Release|ARM.ActiveCfg = Release|ARM
		{94C4EE75-6366-4E09-95F4-5C4414B09754}.Release|ARM.Build.0 = Release|ARM
		{94C4EE75-6366-4E09-95F4-5C4414B09754}.Release|x64.ActiveCfg = Release|Any CPU
		{94C4EE75-6366-4E09-95F4-5C4414B09754}.Release|x64.Build.0 = Release|Any CPU
		{94C4EE75-6366-4E09-95F4-5C4414B09754}.Release|x86.ActiveCfg = Release|x86
		{94C4EE75-6366-4E09-95F4-5C4414B09754}.Release|x86.Build.0 = Release|x86
		{C11BEFE8-3FBA-43BD-B79E-ADB800FF835F}.Debug|Any CPU.ActiveCfg = Debug|Any CPU
		{C11BEFE8-3FBA-43BD-B79E-ADB800FF835F}.Debug|Any CPU.Build.0 = Debug|Any CPU
		{C11BEFE8-3FBA-43BD-B79E-ADB800FF835F}.Debug|ARM.ActiveCfg = Debug|ARM
		{C11BEFE8-3FBA-43BD-B79E-ADB800FF835F}.Debug|ARM.Build.0 = Debug|ARM
		{C11BEFE8-3FBA-43BD-B79E-ADB800FF835F}.Debug|x64.ActiveCfg = Debug|Any CPU
		{C11BEFE8-3FBA-43BD-B79E-ADB800FF835F}.Debug|x64.Build.0 = Debug|Any CPU
		{C11BEFE8-3FBA-43BD-B79E-ADB800FF835F}.Debug|x86.ActiveCfg = Debug|x86
		{C11BEFE8-3FBA-43BD-B79E-ADB800FF835F}.Debug|x86.Build.0 = Debug|x86
		{C11BEFE8-3FBA-43BD-B79E-ADB800FF835F}.Release|Any CPU.ActiveCfg = Release|Any CPU
		{C11BEFE8-3FBA-43BD-B79E-ADB800FF835F}.Release|Any CPU.Build.0 = Release|Any CPU
		{C11BEFE8-3FBA-43BD-B79E-ADB800FF835F}.Release|ARM.ActiveCfg = Release|ARM
		{C11BEFE8-3FBA-43BD-B79E-ADB800FF835F}.Release|ARM.Build.0 = Release|ARM
		{C11BEFE8-3FBA-43BD-B79E-ADB800FF835F}.Release|x64.ActiveCfg = Release|Any CPU
		{C11BEFE8-3FBA-43BD-B79E-ADB800FF835F}.Release|x64.Build.0 = Release|Any CPU
		{C11BEFE8-3FBA-43BD-B79E-ADB800FF835F}.Release|x86.ActiveCfg = Release|x86
		{C11BEFE8-3FBA-43BD-B79E-ADB800FF835F}.Release|x86.Build.0 = Release|x86
		{F953B426-5CDB-48B4-90BE-5BF34760447F}.Debug|Any CPU.ActiveCfg = Debug|Any CPU
		{F953B426-5CDB-48B4-90BE-5BF34760447F}.Debug|Any CPU.Build.0 = Debug|Any CPU
		{F953B426-5CDB-48B4-90BE-5BF34760447F}.Debug|ARM.ActiveCfg = Debug|ARM
		{F953B426-5CDB-48B4-90BE-5BF34760447F}.Debug|ARM.Build.0 = Debug|ARM
		{F953B426-5CDB-48B4-90BE-5BF34760447F}.Debug|x64.ActiveCfg = Debug|Any CPU
		{F953B426-5CDB-48B4-90BE-5BF34760447F}.Debug|x64.Build.0 = Debug|Any CPU
		{F953B426-5CDB-48B4-90BE-5BF34760447F}.Debug|x86.ActiveCfg = Debug|x86
		{F953B426-5CDB-48B4-90BE-5BF34760447F}.Debug|x86.Build.0 = Debug|x86
		{F953B426-5CDB-48B4-90BE-5BF34760447F}.Release|Any CPU.ActiveCfg = Release|Any CPU
		{F953B426-5CDB-48B4-90BE-5BF34760447F}.Release|Any CPU.Build.0 = Release|Any CPU
		{F953B426-5CDB-48B4-90BE-5BF34760447F}.Release|ARM.ActiveCfg = Release|ARM
		{F953B426-5CDB-48B4-90BE-5BF34760447F}.Release|ARM.Build.0 = Release|ARM
		{F953B426-5CDB-48B4-90BE-5BF34760447F}.Release|x64.ActiveCfg = Release|Any CPU
		{F953B426-5CDB-48B4-90BE-5BF34760447F}.Release|x64.Build.0 = Release|Any CPU
		{F953B426-5CDB-48B4-90BE-5BF34760447F}.Release|x86.ActiveCfg = Release|x86
		{F953B426-5CDB-48B4-90BE-5BF34760447F}.Release|x86.Build.0 = Release|x86
		{20A5B758-CCA5-44DD-ABAE-A607D83FA75D}.Debug|Any CPU.ActiveCfg = Debug|Any CPU
		{20A5B758-CCA5-44DD-ABAE-A607D83FA75D}.Debug|Any CPU.Build.0 = Debug|Any CPU
		{20A5B758-CCA5-44DD-ABAE-A607D83FA75D}.Debug|ARM.ActiveCfg = Debug|ARM
		{20A5B758-CCA5-44DD-ABAE-A607D83FA75D}.Debug|ARM.Build.0 = Debug|ARM
		{20A5B758-CCA5-44DD-ABAE-A607D83FA75D}.Debug|x64.ActiveCfg = Debug|Any CPU
		{20A5B758-CCA5-44DD-ABAE-A607D83FA75D}.Debug|x64.Build.0 = Debug|Any CPU
		{20A5B758-CCA5-44DD-ABAE-A607D83FA75D}.Debug|x86.ActiveCfg = Debug|x86
		{20A5B758-CCA5-44DD-ABAE-A607D83FA75D}.Debug|x86.Build.0 = Debug|x86
		{20A5B758-CCA5-44DD-ABAE-A607D83FA75D}.Release|Any CPU.ActiveCfg = Release|Any CPU
		{20A5B758-CCA5-44DD-ABAE-A607D83FA75D}.Release|Any CPU.Build.0 = Release|Any CPU
		{20A5B758-CCA5-44DD-ABAE-A607D83FA75D}.Release|ARM.ActiveCfg = Release|ARM
		{20A5B758-CCA5-44DD-ABAE-A607D83FA75D}.Release|ARM.Build.0 = Release|ARM
		{20A5B758-CCA5-44DD-ABAE-A607D83FA75D}.Release|x64.ActiveCfg = Release|Any CPU
		{20A5B758-CCA5-44DD-ABAE-A607D83FA75D}.Release|x64.Build.0 = Release|Any CPU
		{20A5B758-CCA5-44DD-ABAE-A607D83FA75D}.Release|x86.ActiveCfg = Release|x86
		{20A5B758-CCA5-44DD-ABAE-A607D83FA75D}.Release|x86.Build.0 = Release|x86
	EndGlobalSection
	GlobalSection(SolutionProperties) = preSolution
		HideSolutionNode = FALSE
	EndGlobalSection
EndGlobal
